
Microsoft Visual Studio Solution File, Format Version 12.00
# Visual Studio 15
VisualStudioVersion = 15.0.27703.2000
MinimumVisualStudioVersion = 10.0.40219.1
Project("{FAE04EC0-301F-11D3-BF4B-00C04F79EFBC}") = "Task1A", "Methods\Task1A.csproj", "{B8BE687C-EDBC-4A1D-AE5B-9AB79C97D469}"
EndProject
Project("{FAE04EC0-301F-11D3-BF4B-00C04F79EFBC}") = "Menu", "Menu\Menu.csproj", "{77F6F27F-0983-414E-B773-DBB60BBF530A}"
EndProject
Project("{FAE04EC0-301F-11D3-BF4B-00C04F79EFBC}") = "Task1B", "Task1B\Task1B.csproj", "{43C8FEF8-654D-4FCA-8504-12D9DFDD855C}"
EndProject
Project("{FAE04EC0-301F-11D3-BF4B-00C04F79EFBC}") = "Task1C", "Task1C\Task1C.csproj", "{32EFC757-DB3F-4B61-85C3-54F4D9F008A4}"
EndProject
Project("{FAE04EC0-301F-11D3-BF4B-00C04F79EFBC}") = "Task1D", "Task1D\Task1D.csproj", "{2DB0479D-1CCE-41B0-AF72-20E3E02900B2}"
EndProject
Global
	GlobalSection(SolutionConfigurationPlatforms) = preSolution
		Debug|Any CPU = Debug|Any CPU
		Release|Any CPU = Release|Any CPU
	EndGlobalSection
	GlobalSection(ProjectConfigurationPlatforms) = postSolution
		{B8BE687C-EDBC-4A1D-AE5B-9AB79C97D469}.Debug|Any CPU.ActiveCfg = Debug|Any CPU
		{B8BE687C-EDBC-4A1D-AE5B-9AB79C97D469}.Debug|Any CPU.Build.0 = Debug|Any CPU
		{B8BE687C-EDBC-4A1D-AE5B-9AB79C97D469}.Release|Any CPU.ActiveCfg = Release|Any CPU
		{B8BE687C-EDBC-4A1D-AE5B-9AB79C97D469}.Release|Any CPU.Build.0 = Release|Any CPU
		{77F6F27F-0983-414E-B773-DBB60BBF530A}.Debug|Any CPU.ActiveCfg = Debug|Any CPU
		{77F6F27F-0983-414E-B773-DBB60BBF530A}.Debug|Any CPU.Build.0 = Debug|Any CPU
		{77F6F27F-0983-414E-B773-DBB60BBF530A}.Release|Any CPU.ActiveCfg = Release|Any CPU
		{77F6F27F-0983-414E-B773-DBB60BBF530A}.Release|Any CPU.Build.0 = Release|Any CPU
		{43C8FEF8-654D-4FCA-8504-12D9DFDD855C}.Debug|Any CPU.ActiveCfg = Debug|Any CPU
		{43C8FEF8-654D-4FCA-8504-12D9DFDD855C}.Debug|Any CPU.Build.0 = Debug|Any CPU
		{43C8FEF8-654D-4FCA-8504-12D9DFDD855C}.Release|Any CPU.ActiveCfg = Release|Any CPU
		{43C8FEF8-654D-4FCA-8504-12D9DFDD855C}.Release|Any CPU.Build.0 = Release|Any CPU
		{32EFC757-DB3F-4B61-85C3-54F4D9F008A4}.Debug|Any CPU.ActiveCfg = Debug|Any CPU
		{32EFC757-DB3F-4B61-85C3-54F4D9F008A4}.Debug|Any CPU.Build.0 = Debug|Any CPU
		{32EFC757-DB3F-4B61-85C3-54F4D9F008A4}.Release|Any CPU.ActiveCfg = Release|Any CPU
		{32EFC757-DB3F-4B61-85C3-54F4D9F008A4}.Release|Any CPU.Build.0 = Release|Any CPU
		{2DB0479D-1CCE-41B0-AF72-20E3E02900B2}.Debug|Any CPU.ActiveCfg = Debug|Any CPU
		{2DB0479D-1CCE-41B0-AF72-20E3E02900B2}.Debug|Any CPU.Build.0 = Debug|Any CPU
		{2DB0479D-1CCE-41B0-AF72-20E3E02900B2}.Release|Any CPU.ActiveCfg = Release|Any CPU
		{2DB0479D-1CCE-41B0-AF72-20E3E02900B2}.Release|Any CPU.Build.0 = Release|Any CPU
	EndGlobalSection
	GlobalSection(SolutionProperties) = preSolution
		HideSolutionNode = FALSE
	EndGlobalSection
	GlobalSection(ExtensibilityGlobals) = postSolution
		SolutionGuid = {52E0F601-D38C-4ACA-942C-C733AFE04C09}
	EndGlobalSection
EndGlobal
